
Microsoft Visual Studio Solution File, Format Version 12.00
# Visual Studio Version 16
VisualStudioVersion = 16.0.31424.327
MinimumVisualStudioVersion = 10.0.40219.1
Project("{2150E333-8FDC-42A3-9474-1A3956D46DE8}") = "src", "src", "{7B6F54A2-9F9E-4D27-A105-78A0D8EF96FB}"
EndProject
Project("{2150E333-8FDC-42A3-9474-1A3956D46DE8}") = "tests", "tests", "{C9AEB29D-9724-4683-A605-870A9ED9580B}"
EndProject
Project("{FAE04EC0-301F-11D3-BF4B-00C04F79EFBC}") = "GameUI", "GameUI\GameUI.csproj", "{F2257270-7D1F-40B9-AB49-7A79444D6E58}"
EndProject
Project("{FAE04EC0-301F-11D3-BF4B-00C04F79EFBC}") = "ApplicationR", "ApplicationR\ApplicationR.csproj", "{E73CFDBD-4630-4D70-B293-73FE68953B53}"
EndProject
Project("{FAE04EC0-301F-11D3-BF4B-00C04F79EFBC}") = "DomainR", "DomainR\DomainR.csproj", "{601F3C29-02C9-4482-BCAE-8F194E611A3E}"
EndProject
Global
	GlobalSection(SolutionConfigurationPlatforms) = preSolution
		Debug|Any CPU = Debug|Any CPU
		Release|Any CPU = Release|Any CPU
	EndGlobalSection
	GlobalSection(ProjectConfigurationPlatforms) = postSolution
		{F2257270-7D1F-40B9-AB49-7A79444D6E58}.Debug|Any CPU.ActiveCfg = Debug|Any CPU
		{F2257270-7D1F-40B9-AB49-7A79444D6E58}.Debug|Any CPU.Build.0 = Debug|Any CPU
		{F2257270-7D1F-40B9-AB49-7A79444D6E58}.Release|Any CPU.ActiveCfg = Release|Any CPU
		{F2257270-7D1F-40B9-AB49-7A79444D6E58}.Release|Any CPU.Build.0 = Release|Any CPU
		{E73CFDBD-4630-4D70-B293-73FE68953B53}.Debug|Any CPU.ActiveCfg = Debug|Any CPU
		{E73CFDBD-4630-4D70-B293-73FE68953B53}.Debug|Any CPU.Build.0 = Debug|Any CPU
		{E73CFDBD-4630-4D70-B293-73FE68953B53}.Release|Any CPU.ActiveCfg = Release|Any CPU
		{E73CFDBD-4630-4D70-B293-73FE68953B53}.Release|Any CPU.Build.0 = Release|Any CPU
		{601F3C29-02C9-4482-BCAE-8F194E611A3E}.Debug|Any CPU.ActiveCfg = Debug|Any CPU
		{601F3C29-02C9-4482-BCAE-8F194E611A3E}.Debug|Any CPU.Build.0 = Debug|Any CPU
		{601F3C29-02C9-4482-BCAE-8F194E611A3E}.Release|Any CPU.ActiveCfg = Release|Any CPU
		{601F3C29-02C9-4482-BCAE-8F194E611A3E}.Release|Any CPU.Build.0 = Release|Any CPU
	EndGlobalSection
	GlobalSection(SolutionProperties) = preSolution
		HideSolutionNode = FALSE
	EndGlobalSection
	GlobalSection(NestedProjects) = preSolution
		{F2257270-7D1F-40B9-AB49-7A79444D6E58} = {7B6F54A2-9F9E-4D27-A105-78A0D8EF96FB}
		{E73CFDBD-4630-4D70-B293-73FE68953B53} = {7B6F54A2-9F9E-4D27-A105-78A0D8EF96FB}
		{601F3C29-02C9-4482-BCAE-8F194E611A3E} = {7B6F54A2-9F9E-4D27-A105-78A0D8EF96FB}
	EndGlobalSection
	GlobalSection(ExtensibilityGlobals) = postSolution
		SolutionGuid = {9D8923A7-AEF6-443E-84B0-389298DE7639}
	EndGlobalSection
EndGlobal
